
Microsoft Visual Studio Solution File, Format Version 12.00
# Visual Studio 2012
Project("{FAE04EC0-301F-11D3-BF4B-00C04F79EFBC}") = "Schedule", "Schedule\Schedule.csproj", "{04FBAC1A-0C36-472C-BB33-F9BA3B1802A6}"
EndProject
Project("{FAE04EC0-301F-11D3-BF4B-00C04F79EFBC}") = "UnitTestSchedule1", "UnitTestSchedule1\UnitTestSchedule1.csproj", "{C259E5C9-6B61-4449-AF7E-D06A393D3359}"
	ProjectSection(ProjectDependencies) = postProject
		{04FBAC1A-0C36-472C-BB33-F9BA3B1802A6} = {04FBAC1A-0C36-472C-BB33-F9BA3B1802A6}
	EndProjectSection
EndProject
Global
	GlobalSection(SolutionConfigurationPlatforms) = preSolution
		Debug|Any CPU = Debug|Any CPU
		Release|Any CPU = Release|Any CPU
	EndGlobalSection
	GlobalSection(ProjectConfigurationPlatforms) = postSolution
		{04FBAC1A-0C36-472C-BB33-F9BA3B1802A6}.Debug|Any CPU.ActiveCfg = Debug|Any CPU
		{04FBAC1A-0C36-472C-BB33-F9BA3B1802A6}.Debug|Any CPU.Build.0 = Debug|Any CPU
		{04FBAC1A-0C36-472C-BB33-F9BA3B1802A6}.Release|Any CPU.ActiveCfg = Release|Any CPU
		{04FBAC1A-0C36-472C-BB33-F9BA3B1802A6}.Release|Any CPU.Build.0 = Release|Any CPU
		{C259E5C9-6B61-4449-AF7E-D06A393D3359}.Debug|Any CPU.ActiveCfg = Debug|Any CPU
		{C259E5C9-6B61-4449-AF7E-D06A393D3359}.Debug|Any CPU.Build.0 = Debug|Any CPU
		{C259E5C9-6B61-4449-AF7E-D06A393D3359}.Release|Any CPU.ActiveCfg = Release|Any CPU
		{C259E5C9-6B61-4449-AF7E-D06A393D3359}.Release|Any CPU.Build.0 = Release|Any CPU
	EndGlobalSection
	GlobalSection(SolutionProperties) = preSolution
		HideSolutionNode = FALSE
	EndGlobalSection
EndGlobal
